table:
  name: block
  schema: public
object_relationships:
  - name: previous_block
    using:
      manual_configuration:
        column_mapping:
          previous_block_hash: hash
        insertion_order: null
        remote_table:
          name: block
          schema: public
array_relationships:
  - name: accepted_by
    using:
      foreign_key_constraint_on:
        column: block_internal_id
        table:
          name: node_block
          schema: public
  - name: transactions
    using:
      foreign_key_constraint_on:
        column: block_internal_id
        table:
          name: block_transaction
          schema: public
computed_fields:
  - name: encoded_hex
    definition:
      function:
        name: block_encoded_hex
        schema: public
  - name: fee_satoshis
    definition:
      function:
        name: block_fee_satoshis
        schema: public
  - name: generated_value_satoshis
    definition:
      function:
        name: block_generated_value_satoshis
        schema: public
  - name: header
    definition:
      function:
        name: block_header_encoded_hex
        schema: public
  - name: input_count
    definition:
      function:
        name: block_input_count
        schema: public
  - name: input_value_satoshis
    definition:
      function:
        name: block_input_value_satoshis
        schema: public
  - name: output_count
    definition:
      function:
        name: block_output_count
        schema: public
  - name: output_value_satoshis
    definition:
      function:
        name: block_output_value_satoshis
        schema: public
  - name: transaction_count
    definition:
      function:
        name: block_transaction_count
        schema: public
select_permissions:
  - role: public
    permission:
      columns:
        - internal_id
        - version
        - merkle_root
        - hash
        - previous_block_hash
        - height
        - size_bytes
        - timestamp
        - nonce
        - bits
      computed_fields:
        - encoded_hex
        - fee_satoshis
        - generated_value_satoshis
        - header
        - input_count
        - input_value_satoshis
        - output_count
        - output_value_satoshis
        - transaction_count
      filter: {}
      limit: 1000
